// !$*UTF8*$!
{
	archiveVersion = 1;
	classes = {
	};
	objectVersion = 46;
	objects = {

/* Begin PBXBuildFile section */
		5211971C1C976C8300860EF8 /* AppDelegate.swift in Sources */ = {isa = PBXBuildFile; fileRef = 5211971B1C976C8300860EF8 /* AppDelegate.swift */; };
		5211971E1C976C8300860EF8 /* ViewController.swift in Sources */ = {isa = PBXBuildFile; fileRef = 5211971D1C976C8300860EF8 /* ViewController.swift */; };
		521197201C976C8300860EF8 /* Assets.xcassets in Resources */ = {isa = PBXBuildFile; fileRef = 5211971F1C976C8300860EF8 /* Assets.xcassets */; };
		521197231C976C8300860EF8 /* Main.storyboard in Resources */ = {isa = PBXBuildFile; fileRef = 521197211C976C8300860EF8 /* Main.storyboard */; };
		523A2FF81CA88CA500305C9A /* randomnumbers.bin in Resources */ = {isa = PBXBuildFile; fileRef = 523A2FF71CA88CA500305C9A /* randomnumbers.bin */; };
		52BA71E01CA88FF700691A8A /* PDGFileHelper.swift in Sources */ = {isa = PBXBuildFile; fileRef = 52BA71DF1CA88FF700691A8A /* PDGFileHelper.swift */; };
		52BA71E21CA8A74500691A8A /* PDGInsertionSort.swift in Sources */ = {isa = PBXBuildFile; fileRef = 52BA71E11CA8A74500691A8A /* PDGInsertionSort.swift */; };
		52BA71E41CA8C29000691A8A /* PDGBenchmark.swift in Sources */ = {isa = PBXBuildFile; fileRef = 52BA71E31CA8C29000691A8A /* PDGBenchmark.swift */; };
		52BA71E61CA8CC9000691A8A /* PDGArrayBuilder.swift in Sources */ = {isa = PBXBuildFile; fileRef = 52BA71E51CA8CC9000691A8A /* PDGArrayBuilder.swift */; };
/* End PBXBuildFile section */

/* Begin PBXFileReference section */
		521197181C976C8300860EF8 /* LetNinjaSwift.app */ = {isa = PBXFileReference; explicitFileType = wrapper.application; includeInIndex = 0; path = LetNinjaSwift.app; sourceTree = BUILT_PRODUCTS_DIR; };
		5211971B1C976C8300860EF8 /* AppDelegate.swift */ = {isa = PBXFileReference; lastKnownFileType = sourcecode.swift; path = AppDelegate.swift; sourceTree = "<group>"; };
		5211971D1C976C8300860EF8 /* ViewController.swift */ = {isa = PBXFileReference; lastKnownFileType = sourcecode.swift; path = ViewController.swift; sourceTree = "<group>"; };
		5211971F1C976C8300860EF8 /* Assets.xcassets */ = {isa = PBXFileReference; lastKnownFileType = folder.assetcatalog; path = Assets.xcassets; sourceTree = "<group>"; };
		521197221C976C8300860EF8 /* Base */ = {isa = PBXFileReference; lastKnownFileType = file.storyboard; name = Base; path = Base.lproj/Main.storyboard; sourceTree = "<group>"; };
		521197241C976C8300860EF8 /* Info.plist */ = {isa = PBXFileReference; lastKnownFileType = text.plist.xml; path = Info.plist; sourceTree = "<group>"; };
		523A2FF71CA88CA500305C9A /* randomnumbers.bin */ = {isa = PBXFileReference; lastKnownFileType = archive.macbinary; path = randomnumbers.bin; sourceTree = "<group>"; };
		52BA71DF1CA88FF700691A8A /* PDGFileHelper.swift */ = {isa = PBXFileReference; fileEncoding = 4; lastKnownFileType = sourcecode.swift; path = PDGFileHelper.swift; sourceTree = "<group>"; };
		52BA71E11CA8A74500691A8A /* PDGInsertionSort.swift */ = {isa = PBXFileReference; fileEncoding = 4; lastKnownFileType = sourcecode.swift; path = PDGInsertionSort.swift; sourceTree = "<group>"; };
		52BA71E31CA8C29000691A8A /* PDGBenchmark.swift */ = {isa = PBXFileReference; fileEncoding = 4; lastKnownFileType = sourcecode.swift; path = PDGBenchmark.swift; sourceTree = "<group>"; };
		52BA71E51CA8CC9000691A8A /* PDGArrayBuilder.swift */ = {isa = PBXFileReference; fileEncoding = 4; lastKnownFileType = sourcecode.swift; path = PDGArrayBuilder.swift; sourceTree = "<group>"; };
/* End PBXFileReference section */

/* Begin PBXFrameworksBuildPhase section */
		521197151C976C8300860EF8 /* Frameworks */ = {
			isa = PBXFrameworksBuildPhase;
			buildActionMask = 2147483647;
			files = (
			);
			runOnlyForDeploymentPostprocessing = 0;
		};
/* End PBXFrameworksBuildPhase section */

/* Begin PBXGroup section */
		5211970F1C976C8300860EF8 = {
			isa = PBXGroup;
			children = (
				5211971A1C976C8300860EF8 /* LetNinjaSwift */,
				521197191C976C8300860EF8 /* Products */,
			);
			sourceTree = "<group>";
		};
		521197191C976C8300860EF8 /* Products */ = {
			isa = PBXGroup;
			children = (
				521197181C976C8300860EF8 /* LetNinjaSwift.app */,
			);
			name = Products;
			sourceTree = "<group>";
		};
		5211971A1C976C8300860EF8 /* LetNinjaSwift */ = {
			isa = PBXGroup;
			children = (
				523A2FF71CA88CA500305C9A /* randomnumbers.bin */,
				5211971B1C976C8300860EF8 /* AppDelegate.swift */,
				5211971D1C976C8300860EF8 /* ViewController.swift */,
				52BA71E31CA8C29000691A8A /* PDGBenchmark.swift */,
				52BA71E51CA8CC9000691A8A /* PDGArrayBuilder.swift */,
				52BA71DF1CA88FF700691A8A /* PDGFileHelper.swift */,
				5211971F1C976C8300860EF8 /* Assets.xcassets */,
				521197211C976C8300860EF8 /* Main.storyboard */,
				521197241C976C8300860EF8 /* Info.plist */,
				52BA71E11CA8A74500691A8A /* PDGInsertionSort.swift */,
			);
			path = LetNinjaSwift;
			sourceTree = "<group>";
		};
/* End PBXGroup section */

/* Begin PBXNativeTarget section */
		521197171C976C8300860EF8 /* LetNinjaSwift */ = {
			isa = PBXNativeTarget;
			buildConfigurationList = 521197271C976C8300860EF8 /* Build configuration list for PBXNativeTarget "LetNinjaSwift" */;
			buildPhases = (
				521197141C976C8300860EF8 /* Sources */,
				521197151C976C8300860EF8 /* Frameworks */,
				521197161C976C8300860EF8 /* Resources */,
			);
			buildRules = (
			);
			dependencies = (
			);
			name = LetNinjaSwift;
			productName = LetNinjaSwift;
			productReference = 521197181C976C8300860EF8 /* LetNinjaSwift.app */;
			productType = "com.apple.product-type.application";
		};
/* End PBXNativeTarget section */

/* Begin PBXProject section */
		521197101C976C8300860EF8 /* Project object */ = {
			isa = PBXProject;
			attributes = {
				LastSwiftUpdateCheck = 0720;
				LastUpgradeCheck = 0720;
				ORGANIZATIONNAME = pietrodegrazia;
				TargetAttributes = {
					521197171C976C8300860EF8 = {
						CreatedOnToolsVersion = 7.2.1;
					};
				};
			};
			buildConfigurationList = 521197131C976C8300860EF8 /* Build configuration list for PBXProject "LetNinjaSwift" */;
			compatibilityVersion = "Xcode 3.2";
			developmentRegion = English;
			hasScannedForEncodings = 0;
			knownRegions = (
				en,
				Base,
			);
			mainGroup = 5211970F1C976C8300860EF8;
			productRefGroup = 521197191C976C8300860EF8 /* Products */;
			projectDirPath = "";
			projectRoot = "";
			targets = (
				521197171C976C8300860EF8 /* LetNinjaSwift */,
			);
		};
/* End PBXProject section */

/* Begin PBXResourcesBuildPhase section */
		521197161C976C8300860EF8 /* Resources */ = {
			isa = PBXResourcesBuildPhase;
			buildActionMask = 2147483647;
			files = (
				523A2FF81CA88CA500305C9A /* randomnumbers.bin in Resources */,
				521197201C976C8300860EF8 /* Assets.xcassets in Resources */,
				521197231C976C8300860EF8 /* Main.storyboard in Resources */,
			);
			runOnlyForDeploymentPostprocessing = 0;
		};
/* End PBXResourcesBuildPhase section */

/* Begin PBXSourcesBuildPhase section */
		521197141C976C8300860EF8 /* Sources */ = {
			isa = PBXSourcesBuildPhase;
			buildActionMask = 2147483647;
			files = (
				5211971E1C976C8300860EF8 /* ViewController.swift in Sources */,
				52BA71E01CA88FF700691A8A /* PDGFileHelper.swift in Sources */,
				52BA71E41CA8C29000691A8A /* PDGBenchmark.swift in Sources */,
				5211971C1C976C8300860EF8 /* AppDelegate.swift in Sources */,
				52BA71E21CA8A74500691A8A /* PDGInsertionSort.swift in Sources */,
				52BA71E61CA8CC9000691A8A /* PDGArrayBuilder.swift in Sources */,
			);
			runOnlyForDeploymentPostprocessing = 0;
		};
/* End PBXSourcesBuildPhase section */

/* Begin PBXVariantGroup section */
		521197211C976C8300860EF8 /* Main.storyboard */ = {
			isa = PBXVariantGroup;
			children = (
				521197221C976C8300860EF8 /* Base */,
			);
			name = Main.storyboard;
			sourceTree = "<group>";
		};
/* End PBXVariantGroup section */

/* Begin XCBuildConfiguration section */
		521197251C976C8300860EF8 /* Debug */ = {
			isa = XCBuildConfiguration;
			buildSettings = {
				ALWAYS_SEARCH_USER_PATHS = NO;
				CLANG_CXX_LANGUAGE_STANDARD = "gnu++0x";
				CLANG_CXX_LIBRARY = "libc++";
				CLANG_ENABLE_MODULES = YES;
				CLANG_ENABLE_OBJC_ARC = YES;
				CLANG_WARN_BOOL_CONVERSION = YES;
				CLANG_WARN_CONSTANT_CONVERSION = YES;
				CLANG_WARN_DIRECT_OBJC_ISA_USAGE = YES_ERROR;
				CLANG_WARN_EMPTY_BODY = YES;
				CLANG_WARN_ENUM_CONVERSION = YES;
				CLANG_WARN_INT_CONVERSION = YES;
				CLANG_WARN_OBJC_ROOT_CLASS = YES_ERROR;
				CLANG_WARN_UNREACHABLE_CODE = YES;
				CLANG_WARN__DUPLICATE_METHOD_MATCH = YES;
				CODE_SIGN_IDENTITY = "-";
				COPY_PHASE_STRIP = NO;
				DEBUG_INFORMATION_FORMAT = dwarf;
				ENABLE_STRICT_OBJC_MSGSEND = YES;
				ENABLE_TESTABILITY = YES;
				GCC_C_LANGUAGE_STANDARD = gnu99;
				GCC_DYNAMIC_NO_PIC = NO;
				GCC_NO_COMMON_BLOCKS = YES;
				GCC_OPTIMIZATION_LEVEL = 0;
				GCC_PREPROCESSOR_DEFINITIONS = (
					"DEBUG=1",
					"$(inherited)",
				);
				GCC_WARN_64_TO_32_BIT_CONVERSION = YES;
				GCC_WARN_ABOUT_RETURN_TYPE = YES_ERROR;
				GCC_WARN_UNDECLARED_SELECTOR = YES;
				GCC_WARN_UNINITIALIZED_AUTOS = YES_AGGRESSIVE;
				GCC_WARN_UNUSED_FUNCTION = YES;
				GCC_WARN_UNUSED_VARIABLE = YES;
				MACOSX_DEPLOYMENT_TARGET = 10.11;
				MTL_ENABLE_DEBUG_INFO = YES;
				ONLY_ACTIVE_ARCH = YES;
				SDKROOT = macosx;
				SWIFT_OPTIMIZATION_LEVEL = "-Onone";
			};
			name = Debug;
		};
		521197261C976C8300860EF8 /* Release */ = {
			isa = XCBuildConfiguration;
			buildSettings = {
				ALWAYS_SEARCH_USER_PATHS = NO;
				CLANG_CXX_LANGUAGE_STANDARD = "gnu++0x";
				CLANG_CXX_LIBRARY = "libc++";
				CLANG_ENABLE_MODULES = YES;
				CLANG_ENABLE_OBJC_ARC = YES;
				CLANG_WARN_BOOL_CONVERSION = YES;
				CLANG_WARN_CONSTANT_CONVERSION = YES;
				CLANG_WARN_DIRECT_OBJC_ISA_USAGE = YES_ERROR;
				CLANG_WARN_EMPTY_BODY = YES;
				CLANG_WARN_ENUM_CONVERSION = YES;
				CLANG_WARN_INT_CONVERSION = YES;
				CLANG_WARN_OBJC_ROOT_CLASS = YES_ERROR;
				CLANG_WARN_UNREACHABLE_CODE = YES;
				CLANG_WARN__DUPLICATE_METHOD_MATCH = YES;
				CODE_SIGN_IDENTITY = "-";
				COPY_PHASE_STRIP = NO;
				DEBUG_INFORMATION_FORMAT = "dwarf-with-dsym";
				ENABLE_NS_ASSERTIONS = NO;
				ENABLE_STRICT_OBJC_MSGSEND = YES;
				GCC_C_LANGUAGE_STANDARD = gnu99;
				GCC_NO_COMMON_BLOCKS = YES;
				GCC_WARN_64_TO_32_BIT_CONVERSION = YES;
				GCC_WARN_ABOUT_RETURN_TYPE = YES_ERROR;
				GCC_WARN_UNDECLARED_SELECTOR = YES;
				GCC_WARN_UNINITIALIZED_AUTOS = YES_AGGRESSIVE;
				GCC_WARN_UNUSED_FUNCTION = YES;
				GCC_WARN_UNUSED_VARIABLE = YES;
				MACOSX_DEPLOYMENT_TARGET = 10.11;
				MTL_ENABLE_DEBUG_INFO = NO;
				SDKROOT = macosx;
			};
			name = Release;
		};
		521197281C976C8300860EF8 /* Debug */ = {
			isa = XCBuildConfiguration;
			buildSettings = {
				ASSETCATALOG_COMPILER_APPICON_NAME = AppIcon;
				COMBINE_HIDPI_IMAGES = YES;
				INFOPLIST_FILE = LetNinjaSwift/Info.plist;
				LD_RUNPATH_SEARCH_PATHS = "$(inherited) @executable_path/../Frameworks";
				PRODUCT_BUNDLE_IDENTIFIER = CPD.LetNinjaSwift;
				PRODUCT_NAME = "$(TARGET_NAME)";
			};
			name = Debug;
		};
		521197291C976C8300860EF8 /* Release */ = {
			isa = XCBuildConfiguration;
			buildSettings = {
				ASSETCATALOG_COMPILER_APPICON_NAME = AppIcon;
				COMBINE_HIDPI_IMAGES = YES;
				INFOPLIST_FILE = LetNinjaSwift/Info.plist;
				LD_RUNPATH_SEARCH_PATHS = "$(inherited) @executable_path/../Frameworks";
				PRODUCT_BUNDLE_IDENTIFIER = CPD.LetNinjaSwift;
				PRODUCT_NAME = "$(TARGET_NAME)";
			};
			name = Release;
		};
/* End XCBuildConfiguration section */

/* Begin XCConfigurationList section */
		521197131C976C8300860EF8 /* Build configuration list for PBXProject "LetNinjaSwift" */ = {
			isa = XCConfigurationList;
			buildConfigurations = (
				521197251C976C8300860EF8 /* Debug */,
				521197261C976C8300860EF8 /* Release */,
			);
			defaultConfigurationIsVisible = 0;
			defaultConfigurationName = Release;
		};
		521197271C976C8300860EF8 /* Build configuration list for PBXNativeTarget "LetNinjaSwift" */ = {
			isa = XCConfigurationList;
			buildConfigurations = (
				521197281C976C8300860EF8 /* Debug */,
				521197291C976C8300860EF8 /* Release */,
			);
			defaultConfigurationIsVisible = 0;
			defaultConfigurationName = Release;
		};
/* End XCConfigurationList section */
	};
	rootObject = 521197101C976C8300860EF8 /* Project object */;
}
